
Microsoft Visual Studio Solution File, Format Version 12.00
# Visual Studio 14
VisualStudioVersion = 14.0.25420.1
MinimumVisualStudioVersion = 10.0.40219.1
Project("{F088123C-0E9E-452A-89E6-6BA2F21D5CAC}") = "Sekvensdiagram_beregn", "Sekvensdiagram_beregn\Sekvensdiagram_beregn.modelproj", "{BB9BA9D9-7473-46B8-8C30-DE96B12D8830}"
EndProject
Global
	GlobalSection(SolutionConfigurationPlatforms) = preSolution
		Debug|Any CPU = Debug|Any CPU
		Release|Any CPU = Release|Any CPU
	EndGlobalSection
	GlobalSection(ProjectConfigurationPlatforms) = postSolution
		{BB9BA9D9-7473-46B8-8C30-DE96B12D8830}.Debug|Any CPU.ActiveCfg = Debug|Any CPU
		{BB9BA9D9-7473-46B8-8C30-DE96B12D8830}.Debug|Any CPU.Build.0 = Debug|Any CPU
		{BB9BA9D9-7473-46B8-8C30-DE96B12D8830}.Release|Any CPU.ActiveCfg = Release|Any CPU
		{BB9BA9D9-7473-46B8-8C30-DE96B12D8830}.Release|Any CPU.Build.0 = Release|Any CPU
	EndGlobalSection
	GlobalSection(SolutionProperties) = preSolution
		HideSolutionNode = FALSE
	EndGlobalSection
EndGlobal
